
Microsoft Visual Studio Solution File, Format Version 12.00
# Visual Studio Version 16
VisualStudioVersion = 16.0.29306.81
MinimumVisualStudioVersion = 10.0.40219.1
Project("{8BC9CEB8-8B4A-11D0-8D11-00A0C91BC942}") = "工厂模式", "工厂模式.vcxproj", "{184D099E-48D2-4113-9FED-77262009337F}"
EndProject
Project("{8BC9CEB8-8B4A-11D0-8D11-00A0C91BC942}") = "简单工厂模式", "..\简单工厂模式\简单工厂模式.vcxproj", "{2DFD4D95-7730-4875-BBCA-91C1FBC75611}"
EndProject
Project("{8BC9CEB8-8B4A-11D0-8D11-00A0C91BC942}") = "抽象工厂模式", "..\抽象工厂模式\抽象工厂模式.vcxproj", "{5A0E59B6-D263-48D0-A5AF-2222553F9B6F}"
EndProject
Global
	GlobalSection(SolutionConfigurationPlatforms) = preSolution
		Debug|x64 = Debug|x64
		Debug|x86 = Debug|x86
		Release|x64 = Release|x64
		Release|x86 = Release|x86
	EndGlobalSection
	GlobalSection(ProjectConfigurationPlatforms) = postSolution
		{184D099E-48D2-4113-9FED-77262009337F}.Debug|x64.ActiveCfg = Debug|x64
		{184D099E-48D2-4113-9FED-77262009337F}.Debug|x64.Build.0 = Debug|x64
		{184D099E-48D2-4113-9FED-77262009337F}.Debug|x86.ActiveCfg = Debug|Win32
		{184D099E-48D2-4113-9FED-77262009337F}.Debug|x86.Build.0 = Debug|Win32
		{184D099E-48D2-4113-9FED-77262009337F}.Release|x64.ActiveCfg = Release|x64
		{184D099E-48D2-4113-9FED-77262009337F}.Release|x64.Build.0 = Release|x64
		{184D099E-48D2-4113-9FED-77262009337F}.Release|x86.ActiveCfg = Release|Win32
		{184D099E-48D2-4113-9FED-77262009337F}.Release|x86.Build.0 = Release|Win32
		{2DFD4D95-7730-4875-BBCA-91C1FBC75611}.Debug|x64.ActiveCfg = Debug|x64
		{2DFD4D95-7730-4875-BBCA-91C1FBC75611}.Debug|x64.Build.0 = Debug|x64
		{2DFD4D95-7730-4875-BBCA-91C1FBC75611}.Debug|x86.ActiveCfg = Debug|Win32
		{2DFD4D95-7730-4875-BBCA-91C1FBC75611}.Debug|x86.Build.0 = Debug|Win32
		{2DFD4D95-7730-4875-BBCA-91C1FBC75611}.Release|x64.ActiveCfg = Release|x64
		{2DFD4D95-7730-4875-BBCA-91C1FBC75611}.Release|x64.Build.0 = Release|x64
		{2DFD4D95-7730-4875-BBCA-91C1FBC75611}.Release|x86.ActiveCfg = Release|Win32
		{2DFD4D95-7730-4875-BBCA-91C1FBC75611}.Release|x86.Build.0 = Release|Win32
		{5A0E59B6-D263-48D0-A5AF-2222553F9B6F}.Debug|x64.ActiveCfg = Debug|x64
		{5A0E59B6-D263-48D0-A5AF-2222553F9B6F}.Debug|x64.Build.0 = Debug|x64
		{5A0E59B6-D263-48D0-A5AF-2222553F9B6F}.Debug|x86.ActiveCfg = Debug|Win32
		{5A0E59B6-D263-48D0-A5AF-2222553F9B6F}.Debug|x86.Build.0 = Debug|Win32
		{5A0E59B6-D263-48D0-A5AF-2222553F9B6F}.Release|x64.ActiveCfg = Release|x64
		{5A0E59B6-D263-48D0-A5AF-2222553F9B6F}.Release|x64.Build.0 = Release|x64
		{5A0E59B6-D263-48D0-A5AF-2222553F9B6F}.Release|x86.ActiveCfg = Release|Win32
		{5A0E59B6-D263-48D0-A5AF-2222553F9B6F}.Release|x86.Build.0 = Release|Win32
	EndGlobalSection
	GlobalSection(SolutionProperties) = preSolution
		HideSolutionNode = FALSE
	EndGlobalSection
	GlobalSection(ExtensibilityGlobals) = postSolution
		SolutionGuid = {6AF2AD74-31B0-4D98-967A-D05D6A0899CF}
	EndGlobalSection
EndGlobal
